
Microsoft Visual Studio Solution File, Format Version 12.00
# Visual Studio Version 17
VisualStudioVersion = 17.8.34601.278
MinimumVisualStudioVersion = 10.0.40219.1
Project("{9A19103F-16F7-4668-BE54-9A1E7A4F7556}") = "ProEventos.API", "ProEventos.API\ProEventos.API.csproj", "{112486C9-52D5-4857-8A0A-B1497CD8C089}"
EndProject
Project("{FAE04EC0-301F-11D3-BF4B-00C04F79EFBC}") = "ProEventos.Persistence", "ProEventos.Persistence\ProEventos.Persistence.csproj", "{8CAAAC9B-A25B-4382-B8CA-CF633749DF20}"
EndProject
Project("{FAE04EC0-301F-11D3-BF4B-00C04F79EFBC}") = "ProEventos.Domain", "ProEventos.Domain\ProEventos.Domain.csproj", "{1ED8DC2E-978A-43C5-8CE5-BE517E72D6FB}"
EndProject
Project("{FAE04EC0-301F-11D3-BF4B-00C04F79EFBC}") = "ProEventos.Application", "ProEventos.Application\ProEventos.Application.csproj", "{34158800-D570-46E9-8BF7-5FD36550FC9B}"
EndProject
Global
	GlobalSection(SolutionConfigurationPlatforms) = preSolution
		Debug|Any CPU = Debug|Any CPU
		Release|Any CPU = Release|Any CPU
	EndGlobalSection
	GlobalSection(ProjectConfigurationPlatforms) = postSolution
		{112486C9-52D5-4857-8A0A-B1497CD8C089}.Debug|Any CPU.ActiveCfg = Debug|Any CPU
		{112486C9-52D5-4857-8A0A-B1497CD8C089}.Debug|Any CPU.Build.0 = Debug|Any CPU
		{112486C9-52D5-4857-8A0A-B1497CD8C089}.Release|Any CPU.ActiveCfg = Release|Any CPU
		{112486C9-52D5-4857-8A0A-B1497CD8C089}.Release|Any CPU.Build.0 = Release|Any CPU
		{8CAAAC9B-A25B-4382-B8CA-CF633749DF20}.Debug|Any CPU.ActiveCfg = Debug|Any CPU
		{8CAAAC9B-A25B-4382-B8CA-CF633749DF20}.Debug|Any CPU.Build.0 = Debug|Any CPU
		{8CAAAC9B-A25B-4382-B8CA-CF633749DF20}.Release|Any CPU.ActiveCfg = Release|Any CPU
		{8CAAAC9B-A25B-4382-B8CA-CF633749DF20}.Release|Any CPU.Build.0 = Release|Any CPU
		{1ED8DC2E-978A-43C5-8CE5-BE517E72D6FB}.Debug|Any CPU.ActiveCfg = Debug|Any CPU
		{1ED8DC2E-978A-43C5-8CE5-BE517E72D6FB}.Debug|Any CPU.Build.0 = Debug|Any CPU
		{1ED8DC2E-978A-43C5-8CE5-BE517E72D6FB}.Release|Any CPU.ActiveCfg = Release|Any CPU
		{1ED8DC2E-978A-43C5-8CE5-BE517E72D6FB}.Release|Any CPU.Build.0 = Release|Any CPU
		{34158800-D570-46E9-8BF7-5FD36550FC9B}.Debug|Any CPU.ActiveCfg = Debug|Any CPU
		{34158800-D570-46E9-8BF7-5FD36550FC9B}.Debug|Any CPU.Build.0 = Debug|Any CPU
		{34158800-D570-46E9-8BF7-5FD36550FC9B}.Release|Any CPU.ActiveCfg = Release|Any CPU
		{34158800-D570-46E9-8BF7-5FD36550FC9B}.Release|Any CPU.Build.0 = Release|Any CPU
	EndGlobalSection
	GlobalSection(SolutionProperties) = preSolution
		HideSolutionNode = FALSE
	EndGlobalSection
	GlobalSection(ExtensibilityGlobals) = postSolution
		SolutionGuid = {8A2E850C-5ECD-41FC-8041-BF24417CB9AA}
	EndGlobalSection
EndGlobal
